
Microsoft Visual Studio Solution File, Format Version 12.00
# Visual Studio Version 17
VisualStudioVersion = 17.6.33829.357
MinimumVisualStudioVersion = 10.0.40219.1
Project("{FAE04EC0-301F-11D3-BF4B-00C04F79EFBC}") = "WebAPIDemo", "WebAPIDemo\WebAPIDemo.csproj", "{9560AB41-F914-4DBE-A2EF-9A0E23A76A03}"
EndProject
Global
	GlobalSection(SolutionConfigurationPlatforms) = preSolution
		Debug|Any CPU = Debug|Any CPU
		Release|Any CPU = Release|Any CPU
	EndGlobalSection
	GlobalSection(ProjectConfigurationPlatforms) = postSolution
		{9560AB41-F914-4DBE-A2EF-9A0E23A76A03}.Debug|Any CPU.ActiveCfg = Debug|Any CPU
		{9560AB41-F914-4DBE-A2EF-9A0E23A76A03}.Debug|Any CPU.Build.0 = Debug|Any CPU
		{9560AB41-F914-4DBE-A2EF-9A0E23A76A03}.Release|Any CPU.ActiveCfg = Release|Any CPU
		{9560AB41-F914-4DBE-A2EF-9A0E23A76A03}.Release|Any CPU.Build.0 = Release|Any CPU
	EndGlobalSection
	GlobalSection(SolutionProperties) = preSolution
		HideSolutionNode = FALSE
	EndGlobalSection
	GlobalSection(ExtensibilityGlobals) = postSolution
		SolutionGuid = {3DB1DB76-0B57-4BEF-BD26-CC1F021B7A1C}
	EndGlobalSection
EndGlobal
